
Microsoft Visual Studio Solution File, Format Version 12.00
# Visual Studio Version 17
VisualStudioVersion = 17.1.32407.343
MinimumVisualStudioVersion = 10.0.40219.1
Project("{8BC9CEB8-8B4A-11D0-8D11-00A0C91BC942}") = "Vector_resize()", "Vector_resize()\Vector_resize().vcxproj", "{721C94D9-23FC-4DAF-B45D-AF4C2376E5C9}"
EndProject
Global
	GlobalSection(SolutionConfigurationPlatforms) = preSolution
		Debug|x64 = Debug|x64
		Debug|x86 = Debug|x86
		Release|x64 = Release|x64
		Release|x86 = Release|x86
	EndGlobalSection
	GlobalSection(ProjectConfigurationPlatforms) = postSolution
		{721C94D9-23FC-4DAF-B45D-AF4C2376E5C9}.Debug|x64.ActiveCfg = Debug|x64
		{721C94D9-23FC-4DAF-B45D-AF4C2376E5C9}.Debug|x64.Build.0 = Debug|x64
		{721C94D9-23FC-4DAF-B45D-AF4C2376E5C9}.Debug|x86.ActiveCfg = Debug|Win32
		{721C94D9-23FC-4DAF-B45D-AF4C2376E5C9}.Debug|x86.Build.0 = Debug|Win32
		{721C94D9-23FC-4DAF-B45D-AF4C2376E5C9}.Release|x64.ActiveCfg = Release|x64
		{721C94D9-23FC-4DAF-B45D-AF4C2376E5C9}.Release|x64.Build.0 = Release|x64
		{721C94D9-23FC-4DAF-B45D-AF4C2376E5C9}.Release|x86.ActiveCfg = Release|Win32
		{721C94D9-23FC-4DAF-B45D-AF4C2376E5C9}.Release|x86.Build.0 = Release|Win32
	EndGlobalSection
	GlobalSection(SolutionProperties) = preSolution
		HideSolutionNode = FALSE
	EndGlobalSection
	GlobalSection(ExtensibilityGlobals) = postSolution
		SolutionGuid = {0E84CA26-B228-4E66-8BB8-AF45DF37D3CF}
	EndGlobalSection
EndGlobal
