
Microsoft Visual Studio Solution File, Format Version 12.00
# Visual Studio Version 17
VisualStudioVersion = 17.5.33502.453
MinimumVisualStudioVersion = 10.0.40219.1
Project("{8BC9CEB8-8B4A-11D0-8D11-00A0C91BC942}") = "merge() 알고리즘의 정렬기준으로 greater()를 사용한 예", "merge() 알고리즘의 정렬기준으로 greater()를 사용한 예\merge() 알고리즘의 정렬기준으로 greater()를 사용한 예.vcxproj", "{AFABC75E-D253-4555-BF69-AABACD64CA50}"
EndProject
Global
	GlobalSection(SolutionConfigurationPlatforms) = preSolution
		Debug|x64 = Debug|x64
		Debug|x86 = Debug|x86
		Release|x64 = Release|x64
		Release|x86 = Release|x86
	EndGlobalSection
	GlobalSection(ProjectConfigurationPlatforms) = postSolution
		{AFABC75E-D253-4555-BF69-AABACD64CA50}.Debug|x64.ActiveCfg = Debug|x64
		{AFABC75E-D253-4555-BF69-AABACD64CA50}.Debug|x64.Build.0 = Debug|x64
		{AFABC75E-D253-4555-BF69-AABACD64CA50}.Debug|x86.ActiveCfg = Debug|Win32
		{AFABC75E-D253-4555-BF69-AABACD64CA50}.Debug|x86.Build.0 = Debug|Win32
		{AFABC75E-D253-4555-BF69-AABACD64CA50}.Release|x64.ActiveCfg = Release|x64
		{AFABC75E-D253-4555-BF69-AABACD64CA50}.Release|x64.Build.0 = Release|x64
		{AFABC75E-D253-4555-BF69-AABACD64CA50}.Release|x86.ActiveCfg = Release|Win32
		{AFABC75E-D253-4555-BF69-AABACD64CA50}.Release|x86.Build.0 = Release|Win32
	EndGlobalSection
	GlobalSection(SolutionProperties) = preSolution
		HideSolutionNode = FALSE
	EndGlobalSection
	GlobalSection(ExtensibilityGlobals) = postSolution
		SolutionGuid = {E6F33FD8-44A3-44BE-9F87-B8D067707160}
	EndGlobalSection
EndGlobal
