
Microsoft Visual Studio Solution File, Format Version 12.00
# Visual Studio Version 17
VisualStudioVersion = 17.1.32407.343
MinimumVisualStudioVersion = 10.0.40219.1
Project("{8BC9CEB8-8B4A-11D0-8D11-00A0C91BC942}") = "04_1 정보은닉(2)-private 대입", "04_1 정보은닉(2)-private 대입\04_1 정보은닉(2)-private 대입.vcxproj", "{0BEB4BEF-9408-428D-86D4-F7A0A113023E}"
EndProject
Global
	GlobalSection(SolutionConfigurationPlatforms) = preSolution
		Debug|x64 = Debug|x64
		Debug|x86 = Debug|x86
		Release|x64 = Release|x64
		Release|x86 = Release|x86
	EndGlobalSection
	GlobalSection(ProjectConfigurationPlatforms) = postSolution
		{0BEB4BEF-9408-428D-86D4-F7A0A113023E}.Debug|x64.ActiveCfg = Debug|x64
		{0BEB4BEF-9408-428D-86D4-F7A0A113023E}.Debug|x64.Build.0 = Debug|x64
		{0BEB4BEF-9408-428D-86D4-F7A0A113023E}.Debug|x86.ActiveCfg = Debug|Win32
		{0BEB4BEF-9408-428D-86D4-F7A0A113023E}.Debug|x86.Build.0 = Debug|Win32
		{0BEB4BEF-9408-428D-86D4-F7A0A113023E}.Release|x64.ActiveCfg = Release|x64
		{0BEB4BEF-9408-428D-86D4-F7A0A113023E}.Release|x64.Build.0 = Release|x64
		{0BEB4BEF-9408-428D-86D4-F7A0A113023E}.Release|x86.ActiveCfg = Release|Win32
		{0BEB4BEF-9408-428D-86D4-F7A0A113023E}.Release|x86.Build.0 = Release|Win32
	EndGlobalSection
	GlobalSection(SolutionProperties) = preSolution
		HideSolutionNode = FALSE
	EndGlobalSection
	GlobalSection(ExtensibilityGlobals) = postSolution
		SolutionGuid = {0F3F8E53-FF3A-46EA-A598-E4C322D0FA1B}
	EndGlobalSection
EndGlobal
