
Microsoft Visual Studio Solution File, Format Version 12.00
# Visual Studio Version 17
VisualStudioVersion = 17.1.32407.343
MinimumVisualStudioVersion = 10.0.40219.1
Project("{8BC9CEB8-8B4A-11D0-8D11-00A0C91BC942}") = "vector의 임의접근반복자", "vector의 임의접근반복자\vector의 임의접근반복자.vcxproj", "{EDF680C5-0093-4CAD-B348-15B0962F295B}"
EndProject
Global
	GlobalSection(SolutionConfigurationPlatforms) = preSolution
		Debug|x64 = Debug|x64
		Debug|x86 = Debug|x86
		Release|x64 = Release|x64
		Release|x86 = Release|x86
	EndGlobalSection
	GlobalSection(ProjectConfigurationPlatforms) = postSolution
		{EDF680C5-0093-4CAD-B348-15B0962F295B}.Debug|x64.ActiveCfg = Debug|x64
		{EDF680C5-0093-4CAD-B348-15B0962F295B}.Debug|x64.Build.0 = Debug|x64
		{EDF680C5-0093-4CAD-B348-15B0962F295B}.Debug|x86.ActiveCfg = Debug|Win32
		{EDF680C5-0093-4CAD-B348-15B0962F295B}.Debug|x86.Build.0 = Debug|Win32
		{EDF680C5-0093-4CAD-B348-15B0962F295B}.Release|x64.ActiveCfg = Release|x64
		{EDF680C5-0093-4CAD-B348-15B0962F295B}.Release|x64.Build.0 = Release|x64
		{EDF680C5-0093-4CAD-B348-15B0962F295B}.Release|x86.ActiveCfg = Release|Win32
		{EDF680C5-0093-4CAD-B348-15B0962F295B}.Release|x86.Build.0 = Release|Win32
	EndGlobalSection
	GlobalSection(SolutionProperties) = preSolution
		HideSolutionNode = FALSE
	EndGlobalSection
	GlobalSection(ExtensibilityGlobals) = postSolution
		SolutionGuid = {A0E688E2-A7BF-44F5-928C-356980AF2065}
	EndGlobalSection
EndGlobal
