
Microsoft Visual Studio Solution File, Format Version 12.00
# Visual Studio Version 17
VisualStudioVersion = 17.1.32407.343
MinimumVisualStudioVersion = 10.0.40219.1
Project("{8BC9CEB8-8B4A-11D0-8D11-00A0C91BC942}") = "set_union() 알고리즘", "set_union() 알고리즘\set_union() 알고리즘.vcxproj", "{D2DED48D-8EEE-4D48-A81B-01E53D0BDCCA}"
EndProject
Global
	GlobalSection(SolutionConfigurationPlatforms) = preSolution
		Debug|x64 = Debug|x64
		Debug|x86 = Debug|x86
		Release|x64 = Release|x64
		Release|x86 = Release|x86
	EndGlobalSection
	GlobalSection(ProjectConfigurationPlatforms) = postSolution
		{D2DED48D-8EEE-4D48-A81B-01E53D0BDCCA}.Debug|x64.ActiveCfg = Debug|x64
		{D2DED48D-8EEE-4D48-A81B-01E53D0BDCCA}.Debug|x64.Build.0 = Debug|x64
		{D2DED48D-8EEE-4D48-A81B-01E53D0BDCCA}.Debug|x86.ActiveCfg = Debug|Win32
		{D2DED48D-8EEE-4D48-A81B-01E53D0BDCCA}.Debug|x86.Build.0 = Debug|Win32
		{D2DED48D-8EEE-4D48-A81B-01E53D0BDCCA}.Release|x64.ActiveCfg = Release|x64
		{D2DED48D-8EEE-4D48-A81B-01E53D0BDCCA}.Release|x64.Build.0 = Release|x64
		{D2DED48D-8EEE-4D48-A81B-01E53D0BDCCA}.Release|x86.ActiveCfg = Release|Win32
		{D2DED48D-8EEE-4D48-A81B-01E53D0BDCCA}.Release|x86.Build.0 = Release|Win32
	EndGlobalSection
	GlobalSection(SolutionProperties) = preSolution
		HideSolutionNode = FALSE
	EndGlobalSection
	GlobalSection(ExtensibilityGlobals) = postSolution
		SolutionGuid = {8855049F-093F-441A-8ADC-0EE5763EAA6A}
	EndGlobalSection
EndGlobal
