
Microsoft Visual Studio Solution File, Format Version 12.00
# Visual Studio Version 17
VisualStudioVersion = 17.1.32407.343
MinimumVisualStudioVersion = 10.0.40219.1
Project("{8BC9CEB8-8B4A-11D0-8D11-00A0C91BC942}") = "네임스페이스의 정의", "네임스페이스의 정의\네임스페이스의 정의.vcxproj", "{6393C0CA-AE2E-4430-A9C9-393B4BE6AEEC}"
EndProject
Global
	GlobalSection(SolutionConfigurationPlatforms) = preSolution
		Debug|x64 = Debug|x64
		Debug|x86 = Debug|x86
		Release|x64 = Release|x64
		Release|x86 = Release|x86
	EndGlobalSection
	GlobalSection(ProjectConfigurationPlatforms) = postSolution
		{6393C0CA-AE2E-4430-A9C9-393B4BE6AEEC}.Debug|x64.ActiveCfg = Debug|x64
		{6393C0CA-AE2E-4430-A9C9-393B4BE6AEEC}.Debug|x64.Build.0 = Debug|x64
		{6393C0CA-AE2E-4430-A9C9-393B4BE6AEEC}.Debug|x86.ActiveCfg = Debug|Win32
		{6393C0CA-AE2E-4430-A9C9-393B4BE6AEEC}.Debug|x86.Build.0 = Debug|Win32
		{6393C0CA-AE2E-4430-A9C9-393B4BE6AEEC}.Release|x64.ActiveCfg = Release|x64
		{6393C0CA-AE2E-4430-A9C9-393B4BE6AEEC}.Release|x64.Build.0 = Release|x64
		{6393C0CA-AE2E-4430-A9C9-393B4BE6AEEC}.Release|x86.ActiveCfg = Release|Win32
		{6393C0CA-AE2E-4430-A9C9-393B4BE6AEEC}.Release|x86.Build.0 = Release|Win32
	EndGlobalSection
	GlobalSection(SolutionProperties) = preSolution
		HideSolutionNode = FALSE
	EndGlobalSection
	GlobalSection(ExtensibilityGlobals) = postSolution
		SolutionGuid = {6A1147B3-0380-46FC-9A24-CB8C76899402}
	EndGlobalSection
EndGlobal
