
Microsoft Visual Studio Solution File, Format Version 12.00
# Visual Studio Version 17
VisualStudioVersion = 17.1.32407.343
MinimumVisualStudioVersion = 10.0.40219.1
Project("{8BC9CEB8-8B4A-11D0-8D11-00A0C91BC942}") = "set의 equal_range() 멤버함수", "set의 equal_range() 멤버함수\set의 equal_range() 멤버함수.vcxproj", "{65D70849-2967-4B67-8C59-12CA9C53D2B9}"
EndProject
Global
	GlobalSection(SolutionConfigurationPlatforms) = preSolution
		Debug|x64 = Debug|x64
		Debug|x86 = Debug|x86
		Release|x64 = Release|x64
		Release|x86 = Release|x86
	EndGlobalSection
	GlobalSection(ProjectConfigurationPlatforms) = postSolution
		{65D70849-2967-4B67-8C59-12CA9C53D2B9}.Debug|x64.ActiveCfg = Debug|x64
		{65D70849-2967-4B67-8C59-12CA9C53D2B9}.Debug|x64.Build.0 = Debug|x64
		{65D70849-2967-4B67-8C59-12CA9C53D2B9}.Debug|x86.ActiveCfg = Debug|Win32
		{65D70849-2967-4B67-8C59-12CA9C53D2B9}.Debug|x86.Build.0 = Debug|Win32
		{65D70849-2967-4B67-8C59-12CA9C53D2B9}.Release|x64.ActiveCfg = Release|x64
		{65D70849-2967-4B67-8C59-12CA9C53D2B9}.Release|x64.Build.0 = Release|x64
		{65D70849-2967-4B67-8C59-12CA9C53D2B9}.Release|x86.ActiveCfg = Release|Win32
		{65D70849-2967-4B67-8C59-12CA9C53D2B9}.Release|x86.Build.0 = Release|Win32
	EndGlobalSection
	GlobalSection(SolutionProperties) = preSolution
		HideSolutionNode = FALSE
	EndGlobalSection
	GlobalSection(ExtensibilityGlobals) = postSolution
		SolutionGuid = {C89F39C3-F343-4421-9E54-3C7658B68710}
	EndGlobalSection
EndGlobal
