
Microsoft Visual Studio Solution File, Format Version 12.00
# Visual Studio Version 17
VisualStudioVersion = 17.1.32407.343
MinimumVisualStudioVersion = 10.0.40219.1
Project("{8BC9CEB8-8B4A-11D0-8D11-00A0C91BC942}") = "remove() 후에 erase() 멤버함수 사용", "remove() 후에 erase() 멤버함수 사용\remove() 후에 erase() 멤버함수 사용.vcxproj", "{BBEBD91F-F411-41C6-A375-49F6B6E7E4B0}"
EndProject
Global
	GlobalSection(SolutionConfigurationPlatforms) = preSolution
		Debug|x64 = Debug|x64
		Debug|x86 = Debug|x86
		Release|x64 = Release|x64
		Release|x86 = Release|x86
	EndGlobalSection
	GlobalSection(ProjectConfigurationPlatforms) = postSolution
		{BBEBD91F-F411-41C6-A375-49F6B6E7E4B0}.Debug|x64.ActiveCfg = Debug|x64
		{BBEBD91F-F411-41C6-A375-49F6B6E7E4B0}.Debug|x64.Build.0 = Debug|x64
		{BBEBD91F-F411-41C6-A375-49F6B6E7E4B0}.Debug|x86.ActiveCfg = Debug|Win32
		{BBEBD91F-F411-41C6-A375-49F6B6E7E4B0}.Debug|x86.Build.0 = Debug|Win32
		{BBEBD91F-F411-41C6-A375-49F6B6E7E4B0}.Release|x64.ActiveCfg = Release|x64
		{BBEBD91F-F411-41C6-A375-49F6B6E7E4B0}.Release|x64.Build.0 = Release|x64
		{BBEBD91F-F411-41C6-A375-49F6B6E7E4B0}.Release|x86.ActiveCfg = Release|Win32
		{BBEBD91F-F411-41C6-A375-49F6B6E7E4B0}.Release|x86.Build.0 = Release|Win32
	EndGlobalSection
	GlobalSection(SolutionProperties) = preSolution
		HideSolutionNode = FALSE
	EndGlobalSection
	GlobalSection(ExtensibilityGlobals) = postSolution
		SolutionGuid = {0EDBB315-ACB5-4AEE-B626-C8ADBCB32F10}
	EndGlobalSection
EndGlobal
