
Microsoft Visual Studio Solution File, Format Version 12.00
# Visual Studio Version 17
VisualStudioVersion = 17.2.32602.215
MinimumVisualStudioVersion = 10.0.40219.1
Project("{8BC9CEB8-8B4A-11D0-8D11-00A0C91BC942}") = "상속구조에서의 대입연산자 호출", "상속구조에서의 대입연산자 호출\상속구조에서의 대입연산자 호출.vcxproj", "{0EC8ED68-AE93-4CD8-A829-2C43A4D1372C}"
EndProject
Global
	GlobalSection(SolutionConfigurationPlatforms) = preSolution
		Debug|x64 = Debug|x64
		Debug|x86 = Debug|x86
		Release|x64 = Release|x64
		Release|x86 = Release|x86
	EndGlobalSection
	GlobalSection(ProjectConfigurationPlatforms) = postSolution
		{0EC8ED68-AE93-4CD8-A829-2C43A4D1372C}.Debug|x64.ActiveCfg = Debug|x64
		{0EC8ED68-AE93-4CD8-A829-2C43A4D1372C}.Debug|x64.Build.0 = Debug|x64
		{0EC8ED68-AE93-4CD8-A829-2C43A4D1372C}.Debug|x86.ActiveCfg = Debug|Win32
		{0EC8ED68-AE93-4CD8-A829-2C43A4D1372C}.Debug|x86.Build.0 = Debug|Win32
		{0EC8ED68-AE93-4CD8-A829-2C43A4D1372C}.Release|x64.ActiveCfg = Release|x64
		{0EC8ED68-AE93-4CD8-A829-2C43A4D1372C}.Release|x64.Build.0 = Release|x64
		{0EC8ED68-AE93-4CD8-A829-2C43A4D1372C}.Release|x86.ActiveCfg = Release|Win32
		{0EC8ED68-AE93-4CD8-A829-2C43A4D1372C}.Release|x86.Build.0 = Release|Win32
	EndGlobalSection
	GlobalSection(SolutionProperties) = preSolution
		HideSolutionNode = FALSE
	EndGlobalSection
	GlobalSection(ExtensibilityGlobals) = postSolution
		SolutionGuid = {AFC48FA7-7A5F-4876-9BFD-24B691E516F4}
	EndGlobalSection
EndGlobal
