
Microsoft Visual Studio Solution File, Format Version 12.00
# Visual Studio Version 17
VisualStudioVersion = 17.5.33502.453
MinimumVisualStudioVersion = 10.0.40219.1
Project("{8BC9CEB8-8B4A-11D0-8D11-00A0C91BC942}") = "list_merge() 멤버함수", "list_merge() 멤버함수\list_merge() 멤버함수.vcxproj", "{FDB2EDB1-1D3D-4F47-A84C-890B42808229}"
EndProject
Global
	GlobalSection(SolutionConfigurationPlatforms) = preSolution
		Debug|x64 = Debug|x64
		Debug|x86 = Debug|x86
		Release|x64 = Release|x64
		Release|x86 = Release|x86
	EndGlobalSection
	GlobalSection(ProjectConfigurationPlatforms) = postSolution
		{FDB2EDB1-1D3D-4F47-A84C-890B42808229}.Debug|x64.ActiveCfg = Debug|x64
		{FDB2EDB1-1D3D-4F47-A84C-890B42808229}.Debug|x64.Build.0 = Debug|x64
		{FDB2EDB1-1D3D-4F47-A84C-890B42808229}.Debug|x86.ActiveCfg = Debug|Win32
		{FDB2EDB1-1D3D-4F47-A84C-890B42808229}.Debug|x86.Build.0 = Debug|Win32
		{FDB2EDB1-1D3D-4F47-A84C-890B42808229}.Release|x64.ActiveCfg = Release|x64
		{FDB2EDB1-1D3D-4F47-A84C-890B42808229}.Release|x64.Build.0 = Release|x64
		{FDB2EDB1-1D3D-4F47-A84C-890B42808229}.Release|x86.ActiveCfg = Release|Win32
		{FDB2EDB1-1D3D-4F47-A84C-890B42808229}.Release|x86.Build.0 = Release|Win32
	EndGlobalSection
	GlobalSection(SolutionProperties) = preSolution
		HideSolutionNode = FALSE
	EndGlobalSection
	GlobalSection(ExtensibilityGlobals) = postSolution
		SolutionGuid = {635C41CA-986C-46A3-8705-D6EE8EC70880}
	EndGlobalSection
EndGlobal
