
Microsoft Visual Studio Solution File, Format Version 12.00
# Visual Studio Version 17
VisualStudioVersion = 17.1.32407.343
MinimumVisualStudioVersion = 10.0.40219.1
Project("{8BC9CEB8-8B4A-11D0-8D11-00A0C91BC942}") = "복사생성자의 호출시기", "복사생성자의 호출시기\복사생성자의 호출시기.vcxproj", "{129BB7F0-7432-4531-A864-6C93AFC6D520}"
EndProject
Global
	GlobalSection(SolutionConfigurationPlatforms) = preSolution
		Debug|x64 = Debug|x64
		Debug|x86 = Debug|x86
		Release|x64 = Release|x64
		Release|x86 = Release|x86
	EndGlobalSection
	GlobalSection(ProjectConfigurationPlatforms) = postSolution
		{129BB7F0-7432-4531-A864-6C93AFC6D520}.Debug|x64.ActiveCfg = Debug|x64
		{129BB7F0-7432-4531-A864-6C93AFC6D520}.Debug|x64.Build.0 = Debug|x64
		{129BB7F0-7432-4531-A864-6C93AFC6D520}.Debug|x86.ActiveCfg = Debug|Win32
		{129BB7F0-7432-4531-A864-6C93AFC6D520}.Debug|x86.Build.0 = Debug|Win32
		{129BB7F0-7432-4531-A864-6C93AFC6D520}.Release|x64.ActiveCfg = Release|x64
		{129BB7F0-7432-4531-A864-6C93AFC6D520}.Release|x64.Build.0 = Release|x64
		{129BB7F0-7432-4531-A864-6C93AFC6D520}.Release|x86.ActiveCfg = Release|Win32
		{129BB7F0-7432-4531-A864-6C93AFC6D520}.Release|x86.Build.0 = Release|Win32
	EndGlobalSection
	GlobalSection(SolutionProperties) = preSolution
		HideSolutionNode = FALSE
	EndGlobalSection
	GlobalSection(ExtensibilityGlobals) = postSolution
		SolutionGuid = {F8DB4530-5758-47D9-88EC-91653B35A683}
	EndGlobalSection
EndGlobal
