
Microsoft Visual Studio Solution File, Format Version 12.00
# Visual Studio Version 17
VisualStudioVersion = 17.6.33723.286
MinimumVisualStudioVersion = 10.0.40219.1
Project("{8BC9CEB8-8B4A-11D0-8D11-00A0C91BC942}") = "inner_product() 알고리즘", "inner_product() 알고리즘\inner_product() 알고리즘.vcxproj", "{7535DB59-846F-46A9-A749-77E16C0F5F9B}"
EndProject
Global
	GlobalSection(SolutionConfigurationPlatforms) = preSolution
		Debug|x64 = Debug|x64
		Debug|x86 = Debug|x86
		Release|x64 = Release|x64
		Release|x86 = Release|x86
	EndGlobalSection
	GlobalSection(ProjectConfigurationPlatforms) = postSolution
		{7535DB59-846F-46A9-A749-77E16C0F5F9B}.Debug|x64.ActiveCfg = Debug|x64
		{7535DB59-846F-46A9-A749-77E16C0F5F9B}.Debug|x64.Build.0 = Debug|x64
		{7535DB59-846F-46A9-A749-77E16C0F5F9B}.Debug|x86.ActiveCfg = Debug|Win32
		{7535DB59-846F-46A9-A749-77E16C0F5F9B}.Debug|x86.Build.0 = Debug|Win32
		{7535DB59-846F-46A9-A749-77E16C0F5F9B}.Release|x64.ActiveCfg = Release|x64
		{7535DB59-846F-46A9-A749-77E16C0F5F9B}.Release|x64.Build.0 = Release|x64
		{7535DB59-846F-46A9-A749-77E16C0F5F9B}.Release|x86.ActiveCfg = Release|Win32
		{7535DB59-846F-46A9-A749-77E16C0F5F9B}.Release|x86.Build.0 = Release|Win32
	EndGlobalSection
	GlobalSection(SolutionProperties) = preSolution
		HideSolutionNode = FALSE
	EndGlobalSection
	GlobalSection(ExtensibilityGlobals) = postSolution
		SolutionGuid = {1603FF48-F8F3-40B2-91A5-69F774DB7A24}
	EndGlobalSection
EndGlobal
