
Microsoft Visual Studio Solution File, Format Version 12.00
# Visual Studio Version 17
VisualStudioVersion = 17.1.32407.343
MinimumVisualStudioVersion = 10.0.40219.1
Project("{8BC9CEB8-8B4A-11D0-8D11-00A0C91BC942}") = "remove_copy() 알고리즘", "remove_copy() 알고리즘\remove_copy() 알고리즘.vcxproj", "{B46C8DDE-7F85-41A9-9312-F4BFA5B3E409}"
EndProject
Global
	GlobalSection(SolutionConfigurationPlatforms) = preSolution
		Debug|x64 = Debug|x64
		Debug|x86 = Debug|x86
		Release|x64 = Release|x64
		Release|x86 = Release|x86
	EndGlobalSection
	GlobalSection(ProjectConfigurationPlatforms) = postSolution
		{B46C8DDE-7F85-41A9-9312-F4BFA5B3E409}.Debug|x64.ActiveCfg = Debug|x64
		{B46C8DDE-7F85-41A9-9312-F4BFA5B3E409}.Debug|x64.Build.0 = Debug|x64
		{B46C8DDE-7F85-41A9-9312-F4BFA5B3E409}.Debug|x86.ActiveCfg = Debug|Win32
		{B46C8DDE-7F85-41A9-9312-F4BFA5B3E409}.Debug|x86.Build.0 = Debug|Win32
		{B46C8DDE-7F85-41A9-9312-F4BFA5B3E409}.Release|x64.ActiveCfg = Release|x64
		{B46C8DDE-7F85-41A9-9312-F4BFA5B3E409}.Release|x64.Build.0 = Release|x64
		{B46C8DDE-7F85-41A9-9312-F4BFA5B3E409}.Release|x86.ActiveCfg = Release|Win32
		{B46C8DDE-7F85-41A9-9312-F4BFA5B3E409}.Release|x86.Build.0 = Release|Win32
	EndGlobalSection
	GlobalSection(SolutionProperties) = preSolution
		HideSolutionNode = FALSE
	EndGlobalSection
	GlobalSection(ExtensibilityGlobals) = postSolution
		SolutionGuid = {8F070AE0-FC95-4D72-858F-453652965A8E}
	EndGlobalSection
EndGlobal
