
Microsoft Visual Studio Solution File, Format Version 12.00
# Visual Studio Version 17
VisualStudioVersion = 17.1.32407.343
MinimumVisualStudioVersion = 10.0.40219.1
Project("{8BC9CEB8-8B4A-11D0-8D11-00A0C91BC942}") = "04_2 다양한 클래스의 정의 (원)", "04_2 다양한 클래스의 정의 (원)\04_2 다양한 클래스의 정의 (원).vcxproj", "{F3BD1F54-9206-4E7F-817E-7510AD8BFAEC}"
EndProject
Global
	GlobalSection(SolutionConfigurationPlatforms) = preSolution
		Debug|x64 = Debug|x64
		Debug|x86 = Debug|x86
		Release|x64 = Release|x64
		Release|x86 = Release|x86
	EndGlobalSection
	GlobalSection(ProjectConfigurationPlatforms) = postSolution
		{F3BD1F54-9206-4E7F-817E-7510AD8BFAEC}.Debug|x64.ActiveCfg = Debug|x64
		{F3BD1F54-9206-4E7F-817E-7510AD8BFAEC}.Debug|x64.Build.0 = Debug|x64
		{F3BD1F54-9206-4E7F-817E-7510AD8BFAEC}.Debug|x86.ActiveCfg = Debug|Win32
		{F3BD1F54-9206-4E7F-817E-7510AD8BFAEC}.Debug|x86.Build.0 = Debug|Win32
		{F3BD1F54-9206-4E7F-817E-7510AD8BFAEC}.Release|x64.ActiveCfg = Release|x64
		{F3BD1F54-9206-4E7F-817E-7510AD8BFAEC}.Release|x64.Build.0 = Release|x64
		{F3BD1F54-9206-4E7F-817E-7510AD8BFAEC}.Release|x86.ActiveCfg = Release|Win32
		{F3BD1F54-9206-4E7F-817E-7510AD8BFAEC}.Release|x86.Build.0 = Release|Win32
	EndGlobalSection
	GlobalSection(SolutionProperties) = preSolution
		HideSolutionNode = FALSE
	EndGlobalSection
	GlobalSection(ExtensibilityGlobals) = postSolution
		SolutionGuid = {FCE0CBDB-CE0C-4C94-900E-0AA4DA324456}
	EndGlobalSection
EndGlobal
