
Microsoft Visual Studio Solution File, Format Version 12.00
# Visual Studio Version 17
VisualStudioVersion = 17.1.32407.343
MinimumVisualStudioVersion = 10.0.40219.1
Project("{8BC9CEB8-8B4A-11D0-8D11-00A0C91BC942}") = "this 따로연습", "this 따로연습\this 따로연습.vcxproj", "{47C4638A-5416-4BCF-9078-455C4B4F2471}"
EndProject
Global
	GlobalSection(SolutionConfigurationPlatforms) = preSolution
		Debug|x64 = Debug|x64
		Debug|x86 = Debug|x86
		Release|x64 = Release|x64
		Release|x86 = Release|x86
	EndGlobalSection
	GlobalSection(ProjectConfigurationPlatforms) = postSolution
		{47C4638A-5416-4BCF-9078-455C4B4F2471}.Debug|x64.ActiveCfg = Debug|x64
		{47C4638A-5416-4BCF-9078-455C4B4F2471}.Debug|x64.Build.0 = Debug|x64
		{47C4638A-5416-4BCF-9078-455C4B4F2471}.Debug|x86.ActiveCfg = Debug|Win32
		{47C4638A-5416-4BCF-9078-455C4B4F2471}.Debug|x86.Build.0 = Debug|Win32
		{47C4638A-5416-4BCF-9078-455C4B4F2471}.Release|x64.ActiveCfg = Release|x64
		{47C4638A-5416-4BCF-9078-455C4B4F2471}.Release|x64.Build.0 = Release|x64
		{47C4638A-5416-4BCF-9078-455C4B4F2471}.Release|x86.ActiveCfg = Release|Win32
		{47C4638A-5416-4BCF-9078-455C4B4F2471}.Release|x86.Build.0 = Release|Win32
	EndGlobalSection
	GlobalSection(SolutionProperties) = preSolution
		HideSolutionNode = FALSE
	EndGlobalSection
	GlobalSection(ExtensibilityGlobals) = postSolution
		SolutionGuid = {6757962A-48F9-44C4-A211-34B86B623FBD}
	EndGlobalSection
EndGlobal
