
Microsoft Visual Studio Solution File, Format Version 12.00
# Visual Studio Version 17
VisualStudioVersion = 17.1.32407.343
MinimumVisualStudioVersion = 10.0.40219.1
Project("{8BC9CEB8-8B4A-11D0-8D11-00A0C91BC942}") = "list_reverse() 멤버함수", "list_reverse() 멤버함수\list_reverse() 멤버함수.vcxproj", "{5A14A31E-5182-46A5-BDAC-FEF3C5950521}"
EndProject
Global
	GlobalSection(SolutionConfigurationPlatforms) = preSolution
		Debug|x64 = Debug|x64
		Debug|x86 = Debug|x86
		Release|x64 = Release|x64
		Release|x86 = Release|x86
	EndGlobalSection
	GlobalSection(ProjectConfigurationPlatforms) = postSolution
		{5A14A31E-5182-46A5-BDAC-FEF3C5950521}.Debug|x64.ActiveCfg = Debug|x64
		{5A14A31E-5182-46A5-BDAC-FEF3C5950521}.Debug|x64.Build.0 = Debug|x64
		{5A14A31E-5182-46A5-BDAC-FEF3C5950521}.Debug|x86.ActiveCfg = Debug|Win32
		{5A14A31E-5182-46A5-BDAC-FEF3C5950521}.Debug|x86.Build.0 = Debug|Win32
		{5A14A31E-5182-46A5-BDAC-FEF3C5950521}.Release|x64.ActiveCfg = Release|x64
		{5A14A31E-5182-46A5-BDAC-FEF3C5950521}.Release|x64.Build.0 = Release|x64
		{5A14A31E-5182-46A5-BDAC-FEF3C5950521}.Release|x86.ActiveCfg = Release|Win32
		{5A14A31E-5182-46A5-BDAC-FEF3C5950521}.Release|x86.Build.0 = Release|Win32
	EndGlobalSection
	GlobalSection(SolutionProperties) = preSolution
		HideSolutionNode = FALSE
	EndGlobalSection
	GlobalSection(ExtensibilityGlobals) = postSolution
		SolutionGuid = {88C8412C-83D7-48D7-A5DD-423E7875982E}
	EndGlobalSection
EndGlobal
